
Microsoft Visual Studio Solution File, Format Version 12.00
# Visual Studio Version 16
VisualStudioVersion = 16.0.35425.106
MinimumVisualStudioVersion = 10.0.40219.1
Project("{8BC9CEB8-8B4A-11D0-8D11-00A0C91BC942}") = "lab1", "lab1.vcxproj", "{6445391F-42F1-42B5-B2CF-DD2703E368E0}"
EndProject
Global
	GlobalSection(SolutionConfigurationPlatforms) = preSolution
		Debug|x64 = Debug|x64
		Debug|x86 = Debug|x86
		Release|x64 = Release|x64
		Release|x86 = Release|x86
	EndGlobalSection
	GlobalSection(ProjectConfigurationPlatforms) = postSolution
		{6445391F-42F1-42B5-B2CF-DD2703E368E0}.Debug|x64.ActiveCfg = Debug|x64
		{6445391F-42F1-42B5-B2CF-DD2703E368E0}.Debug|x64.Build.0 = Debug|x64
		{6445391F-42F1-42B5-B2CF-DD2703E368E0}.Debug|x86.ActiveCfg = Debug|Win32
		{6445391F-42F1-42B5-B2CF-DD2703E368E0}.Debug|x86.Build.0 = Debug|Win32
		{6445391F-42F1-42B5-B2CF-DD2703E368E0}.Release|x64.ActiveCfg = Release|x64
		{6445391F-42F1-42B5-B2CF-DD2703E368E0}.Release|x64.Build.0 = Release|x64
		{6445391F-42F1-42B5-B2CF-DD2703E368E0}.Release|x86.ActiveCfg = Release|Win32
		{6445391F-42F1-42B5-B2CF-DD2703E368E0}.Release|x86.Build.0 = Release|Win32
	EndGlobalSection
	GlobalSection(SolutionProperties) = preSolution
		HideSolutionNode = FALSE
	EndGlobalSection
	GlobalSection(ExtensibilityGlobals) = postSolution
		SolutionGuid = {E2E860EC-BD9D-4001-995B-E0424B5A9851}
	EndGlobalSection
EndGlobal
